Microsoft Visual Studio Solution File, Format Version 12.00
# Visual Studio 15
VisualStudioVersion = 15.0.28307.106
MinimumVisualStudioVersion = 10.0.40219.1
Project("{FAE04EC0-301F-11D3-BF4B-00C04F79EFBC}") = "Stocks.Android", "Stocks.Android\Stocks.Android.csproj", "{C8047EDD-51CE-46E9-9D66-9E7D2C1CDA6B}"
EndProject
Project("{FAE04EC0-301F-11D3-BF4B-00C04F79EFBC}") = "Stocks.iOS", "Stocks.iOS\Stocks.iOS.csproj", "{511EB229-F6E9-4755-BE57-2F7C0DCB46AB}"
EndProject
Project("{9A19103F-16F7-4668-BE54-9A1E7A4F7556}") = "Stocks", "Stocks\Stocks.csproj", "{E4E94C46-0CDB-4BA9-AE0C-94CFC8CDE995}"
EndProject
Global
	GlobalSection(SolutionConfigurationPlatforms) = preSolution
		Ad-Hoc|Any CPU = Ad-Hoc|Any CPU
		Ad-Hoc|iPhone = Ad-Hoc|iPhone
		Ad-Hoc|iPhoneSimulator = Ad-Hoc|iPhoneSimulator
		AppStore|Any CPU = AppStore|Any CPU
		AppStore|iPhone = AppStore|iPhone
		AppStore|iPhoneSimulator = AppStore|iPhoneSimulator
		Debug|Any CPU = Debug|Any CPU
		Debug|iPhone = Debug|iPhone
		Debug|iPhoneSimulator = Debug|iPhoneSimulator
		Release|Any CPU = Release|Any CPU
		Release|iPhone = Release|iPhone
		Release|iPhoneSimulator = Release|iPhoneSimulator
	EndGlobalSection
	GlobalSection(ProjectConfigurationPlatforms) = postSolution
		{C8047EDD-51CE-46E9-9D66-9E7D2C1CDA6B}.Ad-Hoc|Any CPU.ActiveCfg = Release|Any CPU
		{C8047EDD-51CE-46E9-9D66-9E7D2C1CDA6B}.Ad-Hoc|Any CPU.Build.0 = Release|Any CPU
		{C8047EDD-51CE-46E9-9D66-9E7D2C1CDA6B}.Ad-Hoc|Any CPU.Deploy.0 = Release|Any CPU
		{C8047EDD-51CE-46E9-9D66-9E7D2C1CDA6B}.Ad-Hoc|iPhone.ActiveCfg = Debug|Any CPU
		{C8047EDD-51CE-46E9-9D66-9E7D2C1CDA6B}.Ad-Hoc|iPhone.Build.0 = Debug|Any CPU
		{C8047EDD-51CE-46E9-9D66-9E7D2C1CDA6B}.Ad-Hoc|iPhoneSimulator.ActiveCfg = Release|Any CPU
		{C8047EDD-51CE-46E9-9D66-9E7D2C1CDA6B}.Ad-Hoc|iPhoneSimulator.Build.0 = Release|Any CPU
		{C8047EDD-51CE-46E9-9D66-9E7D2C1CDA6B}.Ad-Hoc|iPhoneSimulator.Deploy.0 = Release|Any CPU
		{C8047EDD-51CE-46E9-9D66-9E7D2C1CDA6B}.AppStore|Any CPU.ActiveCfg = Release|Any CPU
		{C8047EDD-51CE-46E9-9D66-9E7D2C1CDA6B}.AppStore|Any CPU.Build.0 = Release|Any CPU
		{C8047EDD-51CE-46E9-9D66-9E7D2C1CDA6B}.AppStore|Any CPU.Deploy.0 = Release|Any CPU
		{C8047EDD-51CE-46E9-9D66-9E7D2C1CDA6B}.AppStore|iPhone.ActiveCfg = Debug|Any CPU
		{C8047EDD-51CE-46E9-9D66-9E7D2C1CDA6B}.AppStore|iPhone.Build.0 = Debug|Any CPU
		{C8047EDD-51CE-46E9-9D66-9E7D2C1CDA6B}.AppStore|iPhoneSimulator.ActiveCfg = Release|Any CPU
		{C8047EDD-51CE-46E9-9D66-9E7D2C1CDA6B}.AppStore|iPhoneSimulator.Build.0 = Release|Any CPU
		{C8047EDD-51CE-46E9-9D66-9E7D2C1CDA6B}.AppStore|iPhoneSimulator.Deploy.0 = Release|Any CPU
		{C8047EDD-51CE-46E9-9D66-9E7D2C1CDA6B}.Debug|Any CPU.ActiveCfg = Debug|Any CPU
		{C8047EDD-51CE-46E9-9D66-9E7D2C1CDA6B}.Debug|Any CPU.Build.0 = Debug|Any CPU
		{C8047EDD-51CE-46E9-9D66-9E7D2C1CDA6B}.Debug|iPhone.ActiveCfg = Debug|Any CPU
		{C8047EDD-51CE-46E9-9D66-9E7D2C1CDA6B}.Debug|iPhone.Build.0 = Debug|Any CPU
		{C8047EDD-51CE-46E9-9D66-9E7D2C1CDA6B}.Debug|iPhoneSimulator.ActiveCfg = Debug|Any CPU
		{C8047EDD-51CE-46E9-9D66-9E7D2C1CDA6B}.Debug|iPhoneSimulator.Build.0 = Debug|Any CPU
		{C8047EDD-51CE-46E9-9D66-9E7D2C1CDA6B}.Release|Any CPU.ActiveCfg = Release|Any CPU
		{C8047EDD-51CE-46E9-9D66-9E7D2C1CDA6B}.Release|Any CPU.Build.0 = Release|Any CPU
		{C8047EDD-51CE-46E9-9D66-9E7D2C1CDA6B}.Release|iPhone.ActiveCfg = Release|Any CPU
		{C8047EDD-51CE-46E9-9D66-9E7D2C1CDA6B}.Release|iPhone.Build.0 = Release|Any CPU
		{C8047EDD-51CE-46E9-9D66-9E7D2C1CDA6B}.Release|iPhoneSimulator.ActiveCfg = Release|Any CPU
		{C8047EDD-51CE-46E9-9D66-9E7D2C1CDA6B}.Release|iPhoneSimulator.Build.0 = Release|Any CPU
		{511EB229-F6E9-4755-BE57-2F7C0DCB46AB}.Ad-Hoc|Any CPU.ActiveCfg = Ad-Hoc|iPhoneSimulator
		{511EB229-F6E9-4755-BE57-2F7C0DCB46AB}.Ad-Hoc|iPhone.ActiveCfg = Ad-Hoc|iPhone
		{511EB229-F6E9-4755-BE57-2F7C0DCB46AB}.Ad-Hoc|iPhone.Build.0 = Ad-Hoc|iPhone
		{511EB229-F6E9-4755-BE57-2F7C0DCB46AB}.Ad-Hoc|iPhoneSimulator.ActiveCfg = Ad-Hoc|iPhoneSimulator
		{511EB229-F6E9-4755-BE57-2F7C0DCB46AB}.Ad-Hoc|iPhoneSimulator.Build.0 = Ad-Hoc|iPhoneSimulator
		{511EB229-F6E9-4755-BE57-2F7C0DCB46AB}.AppStore|Any CPU.ActiveCfg = AppStore|iPhoneSimulator
		{511EB229-F6E9-4755-BE57-2F7C0DCB46AB}.AppStore|iPhone.ActiveCfg = AppStore|iPhone
		{511EB229-F6E9-4755-BE57-2F7C0DCB46AB}.AppStore|iPhone.Build.0 = AppStore|iPhone
		{511EB229-F6E9-4755-BE57-2F7C0DCB46AB}.AppStore|iPhoneSimulator.ActiveCfg = AppStore|iPhoneSimulator
		{511EB229-F6E9-4755-BE57-2F7C0DCB46AB}.AppStore|iPhoneSimulator.Build.0 = AppStore|iPhoneSimulator
		{511EB229-F6E9-4755-BE57-2F7C0DCB46AB}.Debug|Any CPU.ActiveCfg = Debug|iPhoneSimulator
		{511EB229-F6E9-4755-BE57-2F7C0DCB46AB}.Debug|Any CPU.Build.0 = Debug|iPhoneSimulator
		{511EB229-F6E9-4755-BE57-2F7C0DCB46AB}.Debug|iPhone.ActiveCfg = Debug|iPhone
		{511EB229-F6E9-4755-BE57-2F7C0DCB46AB}.Debug|iPhone.Build.0 = Debug|iPhone
		{511EB229-F6E9-4755-BE57-2F7C0DCB46AB}.Debug|iPhoneSimulator.ActiveCfg = Debug|iPhoneSimulator
		{511EB229-F6E9-4755-BE57-2F7C0DCB46AB}.Debug|iPhoneSimulator.Build.0 = Debug|iPhoneSimulator
		{511EB229-F6E9-4755-BE57-2F7C0DCB46AB}.Release|Any CPU.ActiveCfg = Release|iPhoneSimulator
		{511EB229-F6E9-4755-BE57-2F7C0DCB46AB}.Release|Any CPU.Build.0 = Release|iPhoneSimulator
		{511EB229-F6E9-4755-BE57-2F7C0DCB46AB}.Release|iPhone.ActiveCfg = Release|iPhone
		{511EB229-F6E9-4755-BE57-2F7C0DCB46AB}.Release|iPhone.Build.0 = Release|iPhone
		{511EB229-F6E9-4755-BE57-2F7C0DCB46AB}.Release|iPhoneSimulator.ActiveCfg = Release|iPhoneSimulator
		{511EB229-F6E9-4755-BE57-2F7C0DCB46AB}.Release|iPhoneSimulator.Build.0 = Release|iPhoneSimulator
		{E4E94C46-0CDB-4BA9-AE0C-94CFC8CDE995}.Ad-Hoc|Any CPU.ActiveCfg = Release|Any CPU
		{E4E94C46-0CDB-4BA9-AE0C-94CFC8CDE995}.Ad-Hoc|Any CPU.Build.0 = Release|Any CPU
		{E4E94C46-0CDB-4BA9-AE0C-94CFC8CDE995}.Ad-Hoc|iPhone.ActiveCfg = Debug|Any CPU
		{E4E94C46-0CDB-4BA9-AE0C-94CFC8CDE995}.Ad-Hoc|iPhone.Build.0 = Debug|Any CPU
		{E4E94C46-0CDB-4BA9-AE0C-94CFC8CDE995}.Ad-Hoc|iPhoneSimulator.ActiveCfg = Release|Any CPU
		{E4E94C46-0CDB-4BA9-AE0C-94CFC8CDE995}.Ad-Hoc|iPhoneSimulator.Build.0 = Release|Any CPU
		{E4E94C46-0CDB-4BA9-AE0C-94CFC8CDE995}.AppStore|Any CPU.ActiveCfg = Release|Any CPU
		{E4E94C46-0CDB-4BA9-AE0C-94CFC8CDE995}.AppStore|Any CPU.Build.0 = Release|Any CPU
		{E4E94C46-0CDB-4BA9-AE0C-94CFC8CDE995}.AppStore|iPhone.ActiveCfg = Debug|Any CPU
		{E4E94C46-0CDB-4BA9-AE0C-94CFC8CDE995}.AppStore|iPhone.Build.0 = Debug|Any CPU
		{E4E94C46-0CDB-4BA9-AE0C-94CFC8CDE995}.AppStore|iPhoneSimulator.ActiveCfg = Release|Any CPU
		{E4E94C46-0CDB-4BA9-AE0C-94CFC8CDE995}.AppStore|iPhoneSimulator.Build.0 = Release|Any CPU
		{E4E94C46-0CDB-4BA9-AE0C-94CFC8CDE995}.Debug|Any CPU.ActiveCfg = Debug|Any CPU
		{E4E94C46-0CDB-4BA9-AE0C-94CFC8CDE995}.Debug|Any CPU.Build.0 = Debug|Any CPU
		{E4E94C46-0CDB-4BA9-AE0C-94CFC8CDE995}.Debug|iPhone.ActiveCfg = Debug|Any CPU
		{E4E94C46-0CDB-4BA9-AE0C-94CFC8CDE995}.Debug|iPhone.Build.0 = Debug|Any CPU
		{E4E94C46-0CDB-4BA9-AE0C-94CFC8CDE995}.Debug|iPhoneSimulator.ActiveCfg = Debug|Any CPU
		{E4E94C46-0CDB-4BA9-AE0C-94CFC8CDE995}.Debug|iPhoneSimulator.Build.0 = Debug|Any CPU
		{E4E94C46-0CDB-4BA9-AE0C-94CFC8CDE995}.Release|Any CPU.ActiveCfg = Release|Any CPU
		{E4E94C46-0CDB-4BA9-AE0C-94CFC8CDE995}.Release|Any CPU.Build.0 = Release|Any CPU
		{E4E94C46-0CDB-4BA9-AE0C-94CFC8CDE995}.Release|iPhone.ActiveCfg = Release|Any CPU
		{E4E94C46-0CDB-4BA9-AE0C-94CFC8CDE995}.Release|iPhone.Build.0 = Release|Any CPU
		{E4E94C46-0CDB-4BA9-AE0C-94CFC8CDE995}.Release|iPhoneSimulator.ActiveCfg = Release|Any CPU
		{E4E94C46-0CDB-4BA9-AE0C-94CFC8CDE995}.Release|iPhoneSimulator.Build.0 = Release|Any CPU
	EndGlobalSection
	GlobalSection(SolutionProperties) = preSolution
		HideSolutionNode = FALSE
	EndGlobalSection
	GlobalSection(ExtensibilityGlobals) = postSolution
		SolutionGuid = {2F616EF2-26A1-4C39-978B-BB123AEDB6C9}
	EndGlobalSection
EndGlobal
