
Microsoft Visual Studio Solution File, Format Version 12.00
# Visual Studio 15
Project("{FAE04EC0-301F-11D3-BF4B-00C04F79EFBC}") = "Stocks.Android", "Stocks.Android\Stocks.Android.csproj", "{243A2343-9EE5-4A58-B223-9075D11326CE}"
EndProject
Project("{FAE04EC0-301F-11D3-BF4B-00C04F79EFBC}") = "Stocks.iOS", "Stocks.iOS\Stocks.iOS.csproj", "{06E1F4A1-E48C-44DC-9E79-4F35E32B4239}"
EndProject
Project("{FAE04EC0-301F-11D3-BF4B-00C04F79EFBC}") = "Stocks", "Stocks\Stocks.csproj", "{2D797523-FBBF-48AC-99FB-466687EE1119}"
EndProject
Global
	GlobalSection(SolutionConfigurationPlatforms) = preSolution
		Debug|Any CPU = Debug|Any CPU
		Release|Any CPU = Release|Any CPU
		Debug|iPhoneSimulator = Debug|iPhoneSimulator
		Release|iPhoneSimulator = Release|iPhoneSimulator
		Debug|iPhone = Debug|iPhone
		Release|iPhone = Release|iPhone
		Ad-Hoc|iPhone = Ad-Hoc|iPhone
		AppStore|iPhone = AppStore|iPhone
	EndGlobalSection
	GlobalSection(ProjectConfigurationPlatforms) = postSolution
		{243A2343-9EE5-4A58-B223-9075D11326CE}.Debug|Any CPU.ActiveCfg = Debug|Any CPU
		{243A2343-9EE5-4A58-B223-9075D11326CE}.Debug|Any CPU.Build.0 = Debug|Any CPU
		{243A2343-9EE5-4A58-B223-9075D11326CE}.Release|Any CPU.ActiveCfg = Release|Any CPU
		{243A2343-9EE5-4A58-B223-9075D11326CE}.Release|Any CPU.Build.0 = Release|Any CPU
		{243A2343-9EE5-4A58-B223-9075D11326CE}.Debug|iPhoneSimulator.ActiveCfg = Debug|Any CPU
		{243A2343-9EE5-4A58-B223-9075D11326CE}.Debug|iPhoneSimulator.Build.0 = Debug|Any CPU
		{243A2343-9EE5-4A58-B223-9075D11326CE}.Release|iPhoneSimulator.ActiveCfg = Release|Any CPU
		{243A2343-9EE5-4A58-B223-9075D11326CE}.Release|iPhoneSimulator.Build.0 = Release|Any CPU
		{243A2343-9EE5-4A58-B223-9075D11326CE}.Debug|iPhone.ActiveCfg = Debug|Any CPU
		{243A2343-9EE5-4A58-B223-9075D11326CE}.Debug|iPhone.Build.0 = Debug|Any CPU
		{243A2343-9EE5-4A58-B223-9075D11326CE}.Release|iPhone.ActiveCfg = Release|Any CPU
		{243A2343-9EE5-4A58-B223-9075D11326CE}.Release|iPhone.Build.0 = Release|Any CPU
		{243A2343-9EE5-4A58-B223-9075D11326CE}.Ad-Hoc|iPhone.ActiveCfg = Debug|Any CPU
		{243A2343-9EE5-4A58-B223-9075D11326CE}.Ad-Hoc|iPhone.Build.0 = Debug|Any CPU
		{243A2343-9EE5-4A58-B223-9075D11326CE}.AppStore|iPhone.ActiveCfg = Debug|Any CPU
		{243A2343-9EE5-4A58-B223-9075D11326CE}.AppStore|iPhone.Build.0 = Debug|Any CPU
		{06E1F4A1-E48C-44DC-9E79-4F35E32B4239}.Debug|Any CPU.ActiveCfg = Debug|iPhoneSimulator
		{06E1F4A1-E48C-44DC-9E79-4F35E32B4239}.Debug|Any CPU.Build.0 = Debug|iPhoneSimulator
		{06E1F4A1-E48C-44DC-9E79-4F35E32B4239}.Release|Any CPU.ActiveCfg = Release|iPhoneSimulator
		{06E1F4A1-E48C-44DC-9E79-4F35E32B4239}.Release|Any CPU.Build.0 = Release|iPhoneSimulator
		{06E1F4A1-E48C-44DC-9E79-4F35E32B4239}.Debug|iPhoneSimulator.ActiveCfg = Debug|iPhoneSimulator
		{06E1F4A1-E48C-44DC-9E79-4F35E32B4239}.Debug|iPhoneSimulator.Build.0 = Debug|iPhoneSimulator
		{06E1F4A1-E48C-44DC-9E79-4F35E32B4239}.Release|iPhoneSimulator.ActiveCfg = Release|iPhoneSimulator
		{06E1F4A1-E48C-44DC-9E79-4F35E32B4239}.Release|iPhoneSimulator.Build.0 = Release|iPhoneSimulator
		{06E1F4A1-E48C-44DC-9E79-4F35E32B4239}.Debug|iPhone.ActiveCfg = Debug|iPhone
		{06E1F4A1-E48C-44DC-9E79-4F35E32B4239}.Debug|iPhone.Build.0 = Debug|iPhone
		{06E1F4A1-E48C-44DC-9E79-4F35E32B4239}.Release|iPhone.ActiveCfg = Release|iPhone
		{06E1F4A1-E48C-44DC-9E79-4F35E32B4239}.Release|iPhone.Build.0 = Release|iPhone
		{06E1F4A1-E48C-44DC-9E79-4F35E32B4239}.Ad-Hoc|iPhone.ActiveCfg = Ad-Hoc|iPhone
		{06E1F4A1-E48C-44DC-9E79-4F35E32B4239}.Ad-Hoc|iPhone.Build.0 = Ad-Hoc|iPhone
		{06E1F4A1-E48C-44DC-9E79-4F35E32B4239}.AppStore|iPhone.ActiveCfg = AppStore|iPhone
		{06E1F4A1-E48C-44DC-9E79-4F35E32B4239}.AppStore|iPhone.Build.0 = AppStore|iPhone
		{2D797523-FBBF-48AC-99FB-466687EE1119}.Debug|Any CPU.ActiveCfg = Debug|Any CPU
		{2D797523-FBBF-48AC-99FB-466687EE1119}.Debug|Any CPU.Build.0 = Debug|Any CPU
		{2D797523-FBBF-48AC-99FB-466687EE1119}.Release|Any CPU.ActiveCfg = Release|Any CPU
		{2D797523-FBBF-48AC-99FB-466687EE1119}.Release|Any CPU.Build.0 = Release|Any CPU
		{2D797523-FBBF-48AC-99FB-466687EE1119}.Debug|iPhoneSimulator.ActiveCfg = Debug|Any CPU
		{2D797523-FBBF-48AC-99FB-466687EE1119}.Debug|iPhoneSimulator.Build.0 = Debug|Any CPU
		{2D797523-FBBF-48AC-99FB-466687EE1119}.Release|iPhoneSimulator.ActiveCfg = Release|Any CPU
		{2D797523-FBBF-48AC-99FB-466687EE1119}.Release|iPhoneSimulator.Build.0 = Release|Any CPU
		{2D797523-FBBF-48AC-99FB-466687EE1119}.Debug|iPhone.ActiveCfg = Debug|Any CPU
		{2D797523-FBBF-48AC-99FB-466687EE1119}.Debug|iPhone.Build.0 = Debug|Any CPU
		{2D797523-FBBF-48AC-99FB-466687EE1119}.Release|iPhone.ActiveCfg = Release|Any CPU
		{2D797523-FBBF-48AC-99FB-466687EE1119}.Release|iPhone.Build.0 = Release|Any CPU
		{2D797523-FBBF-48AC-99FB-466687EE1119}.Ad-Hoc|iPhone.ActiveCfg = Debug|Any CPU
		{2D797523-FBBF-48AC-99FB-466687EE1119}.Ad-Hoc|iPhone.Build.0 = Debug|Any CPU
		{2D797523-FBBF-48AC-99FB-466687EE1119}.AppStore|iPhone.ActiveCfg = Debug|Any CPU
		{2D797523-FBBF-48AC-99FB-466687EE1119}.AppStore|iPhone.Build.0 = Debug|Any CPU
	EndGlobalSection
EndGlobal
